
Microsoft Visual Studio Solution File, Format Version 10.00
# Visual Studio 2008
Project("{8BC9CEB8-8B4A-11D0-8D11-00A0C91BC942}") = "DataCenter", "DataCenter\DataCenter.vcproj", "{BF47FCFF-5D93-4C86-A139-901C0E36EB9E}"
	ProjectSection(ProjectDependencies) = postProject
		{61CFEE9C-D7C7-41D6-AA1C-7045594C401E} = {61CFEE9C-D7C7-41D6-AA1C-7045594C401E}
	EndProjectSection
EndProject
Project("{8BC9CEB8-8B4A-11D0-8D11-00A0C91BC942}") = "Plane", "Plane\Plane.vcproj", "{C493B15D-78E4-4F6F-87EA-BC4E1E76E289}"
	ProjectSection(ProjectDependencies) = postProject
		{61CFEE9C-D7C7-41D6-AA1C-7045594C401E} = {61CFEE9C-D7C7-41D6-AA1C-7045594C401E}
	EndProjectSection
EndProject
Project("{8BC9CEB8-8B4A-11D0-8D11-00A0C91BC942}") = "FusionPlane", "FusionPlane\FusionPlane.vcproj", "{534DE039-C448-4158-8DCC-663980E0B71C}"
	ProjectSection(ProjectDependencies) = postProject
		{7C85FD41-C2F0-4A4C-97F5-C15977ECDFA0} = {7C85FD41-C2F0-4A4C-97F5-C15977ECDFA0}
		{AC024050-D088-4B6E-88D9-1C1247D19124} = {AC024050-D088-4B6E-88D9-1C1247D19124}
		{61CFEE9C-D7C7-41D6-AA1C-7045594C401E} = {61CFEE9C-D7C7-41D6-AA1C-7045594C401E}
	EndProjectSection
EndProject
Project("{8BC9CEB8-8B4A-11D0-8D11-00A0C91BC942}") = "Common", "Common\Common.vcproj", "{61CFEE9C-D7C7-41D6-AA1C-7045594C401E}"
EndProject
Project("{8BC9CEB8-8B4A-11D0-8D11-00A0C91BC942}") = "AttackPlane", "AttackPlane\AttackPlane.vcproj", "{95634317-F988-4E52-9553-1A6EFA6818F0}"
	ProjectSection(ProjectDependencies) = postProject
		{2260609B-39B3-405B-B628-E2DAE3D60359} = {2260609B-39B3-405B-B628-E2DAE3D60359}
		{61CFEE9C-D7C7-41D6-AA1C-7045594C401E} = {61CFEE9C-D7C7-41D6-AA1C-7045594C401E}
		{5AC98BD0-E2C4-4721-93F6-556A88B1DA6C} = {5AC98BD0-E2C4-4721-93F6-556A88B1DA6C}
	EndProjectSection
EndProject
Project("{8BC9CEB8-8B4A-11D0-8D11-00A0C91BC942}") = "FusionVcAlgoTest2", "FusionVcAlgoTest2\FusionVcAlgoTest2.vcproj", "{7C85FD41-C2F0-4A4C-97F5-C15977ECDFA0}"
EndProject
Project("{54435603-DBB4-11D2-8724-00A0C9A8B90C}") = "FusionPlaneSetup", "FusionPlaneSetup\FusionPlaneSetup.vdproj", "{185897D5-68DB-46A8-A675-62BE1A28EEFD}"
EndProject
Project("{54435603-DBB4-11D2-8724-00A0C9A8B90C}") = "DataCenterSetup", "DataCenterSetup\DataCenterSetup.vdproj", "{1D47DE3A-3AA8-4066-A31E-1D3A76E7A04E}"
EndProject
Project("{54435603-DBB4-11D2-8724-00A0C9A8B90C}") = "AttackPlaneSetup", "AttackPlaneSetup\AttackPlaneSetup.vdproj", "{70FA16FE-50BF-4BDD-9A1E-5F033CDAAD4E}"
EndProject
Project("{54435603-DBB4-11D2-8724-00A0C9A8B90C}") = "PlaneSetup", "PlaneSetup\PlaneSetup.vdproj", "{454ACB31-42E2-4268-B764-40E5D2F609D0}"
EndProject
Project("{8BC9CEB8-8B4A-11D0-8D11-00A0C91BC942}") = "FusionVcAlgoTest1", "FusionVcAlgoTest1\FusionVcAlgoTest1.vcproj", "{AC024050-D088-4B6E-88D9-1C1247D19124}"
EndProject
Project("{8BC9CEB8-8B4A-11D0-8D11-00A0C91BC942}") = "NaviVcAlgoTest1", "NaviVcAlgoTest1\NaviVcAlgoTest1.vcproj", "{5AC98BD0-E2C4-4721-93F6-556A88B1DA6C}"
EndProject
Project("{8BC9CEB8-8B4A-11D0-8D11-00A0C91BC942}") = "NaviVcAlgoTest2", "NaviVcAlgoTest2\NaviVcAlgoTest2.vcproj", "{2260609B-39B3-405B-B628-E2DAE3D60359}"
EndProject
Global
	GlobalSection(SolutionConfigurationPlatforms) = preSolution
		Debug|Win32 = Debug|Win32
		Release|Win32 = Release|Win32
	EndGlobalSection
	GlobalSection(ProjectConfigurationPlatforms) = postSolution
		{BF47FCFF-5D93-4C86-A139-901C0E36EB9E}.Debug|Win32.ActiveCfg = Debug|Win32
		{BF47FCFF-5D93-4C86-A139-901C0E36EB9E}.Debug|Win32.Build.0 = Debug|Win32
		{BF47FCFF-5D93-4C86-A139-901C0E36EB9E}.Release|Win32.ActiveCfg = Release|Win32
		{BF47FCFF-5D93-4C86-A139-901C0E36EB9E}.Release|Win32.Build.0 = Release|Win32
		{C493B15D-78E4-4F6F-87EA-BC4E1E76E289}.Debug|Win32.ActiveCfg = Debug|Win32
		{C493B15D-78E4-4F6F-87EA-BC4E1E76E289}.Debug|Win32.Build.0 = Debug|Win32
		{C493B15D-78E4-4F6F-87EA-BC4E1E76E289}.Release|Win32.ActiveCfg = Release|Win32
		{C493B15D-78E4-4F6F-87EA-BC4E1E76E289}.Release|Win32.Build.0 = Release|Win32
		{534DE039-C448-4158-8DCC-663980E0B71C}.Debug|Win32.ActiveCfg = Debug|Win32
		{534DE039-C448-4158-8DCC-663980E0B71C}.Debug|Win32.Build.0 = Debug|Win32
		{534DE039-C448-4158-8DCC-663980E0B71C}.Release|Win32.ActiveCfg = Release|Win32
		{534DE039-C448-4158-8DCC-663980E0B71C}.Release|Win32.Build.0 = Release|Win32
		{61CFEE9C-D7C7-41D6-AA1C-7045594C401E}.Debug|Win32.ActiveCfg = Debug|Win32
		{61CFEE9C-D7C7-41D6-AA1C-7045594C401E}.Debug|Win32.Build.0 = Debug|Win32
		{61CFEE9C-D7C7-41D6-AA1C-7045594C401E}.Release|Win32.ActiveCfg = Release|Win32
		{61CFEE9C-D7C7-41D6-AA1C-7045594C401E}.Release|Win32.Build.0 = Release|Win32
		{95634317-F988-4E52-9553-1A6EFA6818F0}.Debug|Win32.ActiveCfg = Debug|Win32
		{95634317-F988-4E52-9553-1A6EFA6818F0}.Debug|Win32.Build.0 = Debug|Win32
		{95634317-F988-4E52-9553-1A6EFA6818F0}.Release|Win32.ActiveCfg = Release|Win32
		{95634317-F988-4E52-9553-1A6EFA6818F0}.Release|Win32.Build.0 = Release|Win32
		{7C85FD41-C2F0-4A4C-97F5-C15977ECDFA0}.Debug|Win32.ActiveCfg = Debug|Win32
		{7C85FD41-C2F0-4A4C-97F5-C15977ECDFA0}.Debug|Win32.Build.0 = Debug|Win32
		{7C85FD41-C2F0-4A4C-97F5-C15977ECDFA0}.Release|Win32.ActiveCfg = Release|Win32
		{7C85FD41-C2F0-4A4C-97F5-C15977ECDFA0}.Release|Win32.Build.0 = Release|Win32
		{185897D5-68DB-46A8-A675-62BE1A28EEFD}.Debug|Win32.ActiveCfg = Debug
		{185897D5-68DB-46A8-A675-62BE1A28EEFD}.Release|Win32.ActiveCfg = Release
		{1D47DE3A-3AA8-4066-A31E-1D3A76E7A04E}.Debug|Win32.ActiveCfg = Debug
		{1D47DE3A-3AA8-4066-A31E-1D3A76E7A04E}.Release|Win32.ActiveCfg = Release
		{70FA16FE-50BF-4BDD-9A1E-5F033CDAAD4E}.Debug|Win32.ActiveCfg = Debug
		{70FA16FE-50BF-4BDD-9A1E-5F033CDAAD4E}.Release|Win32.ActiveCfg = Release
		{454ACB31-42E2-4268-B764-40E5D2F609D0}.Debug|Win32.ActiveCfg = Debug
		{454ACB31-42E2-4268-B764-40E5D2F609D0}.Release|Win32.ActiveCfg = Release
		{AC024050-D088-4B6E-88D9-1C1247D19124}.Debug|Win32.ActiveCfg = Debug|Win32
		{AC024050-D088-4B6E-88D9-1C1247D19124}.Debug|Win32.Build.0 = Debug|Win32
		{AC024050-D088-4B6E-88D9-1C1247D19124}.Release|Win32.ActiveCfg = Release|Win32
		{AC024050-D088-4B6E-88D9-1C1247D19124}.Release|Win32.Build.0 = Release|Win32
		{5AC98BD0-E2C4-4721-93F6-556A88B1DA6C}.Debug|Win32.ActiveCfg = Debug|Win32
		{5AC98BD0-E2C4-4721-93F6-556A88B1DA6C}.Debug|Win32.Build.0 = Debug|Win32
		{5AC98BD0-E2C4-4721-93F6-556A88B1DA6C}.Release|Win32.ActiveCfg = Release|Win32
		{5AC98BD0-E2C4-4721-93F6-556A88B1DA6C}.Release|Win32.Build.0 = Release|Win32
		{2260609B-39B3-405B-B628-E2DAE3D60359}.Debug|Win32.ActiveCfg = Debug|Win32
		{2260609B-39B3-405B-B628-E2DAE3D60359}.Debug|Win32.Build.0 = Debug|Win32
		{2260609B-39B3-405B-B628-E2DAE3D60359}.Release|Win32.ActiveCfg = Release|Win32
		{2260609B-39B3-405B-B628-E2DAE3D60359}.Release|Win32.Build.0 = Release|Win32
	EndGlobalSection
	GlobalSection(SolutionProperties) = preSolution
		HideSolutionNode = FALSE
	EndGlobalSection
EndGlobal
