
Microsoft Visual Studio Solution File, Format Version 10.00
# Visual Studio 2008
Project("{8BC9CEB8-8B4A-11D0-8D11-00A0C91BC942}") = "DataCenter", "DataCenter\DataCenter.vcproj", "{BF47FCFF-5D93-4C86-A139-901C0E36EB9E}"
	ProjectSection(ProjectDependencies) = postProject
		{61CFEE9C-D7C7-41D6-AA1C-7045594C401E} = {61CFEE9C-D7C7-41D6-AA1C-7045594C401E}
	EndProjectSection
EndProject
Project("{8BC9CEB8-8B4A-11D0-8D11-00A0C91BC942}") = "FusionCenter", "FusionCenter\FusionCenter.vcproj", "{534DE039-C448-4158-8DCC-663980E0B71C}"
	ProjectSection(ProjectDependencies) = postProject
		{7C85FD41-C2F0-4A4C-97F5-C15977ECDFA0} = {7C85FD41-C2F0-4A4C-97F5-C15977ECDFA0}
		{AC024050-D088-4B6E-88D9-1C1247D19124} = {AC024050-D088-4B6E-88D9-1C1247D19124}
		{61CFEE9C-D7C7-41D6-AA1C-7045594C401E} = {61CFEE9C-D7C7-41D6-AA1C-7045594C401E}
	EndProjectSection
EndProject
Project("{8BC9CEB8-8B4A-11D0-8D11-00A0C91BC942}") = "Common", "Common\Common.vcproj", "{61CFEE9C-D7C7-41D6-AA1C-7045594C401E}"
	ProjectSection(ProjectDependencies) = postProject
		{EEAB39F1-FC19-4EB0-9285-6CF5771AECB5} = {EEAB39F1-FC19-4EB0-9285-6CF5771AECB5}
	EndProjectSection
EndProject
Project("{8BC9CEB8-8B4A-11D0-8D11-00A0C91BC942}") = "FusionVcAlgoTest2", "FusionVcAlgoTest2\FusionVcAlgoTest2.vcproj", "{7C85FD41-C2F0-4A4C-97F5-C15977ECDFA0}"
	ProjectSection(ProjectDependencies) = postProject
		{61CFEE9C-D7C7-41D6-AA1C-7045594C401E} = {61CFEE9C-D7C7-41D6-AA1C-7045594C401E}
	EndProjectSection
EndProject
Project("{54435603-DBB4-11D2-8724-00A0C9A8B90C}") = "FusionCenterSetup", "FusionCenterSetup\FusionCenterSetup.vdproj", "{185897D5-68DB-46A8-A675-62BE1A28EEFD}"
EndProject
Project("{54435603-DBB4-11D2-8724-00A0C9A8B90C}") = "DataCenterSetup", "DataCenterSetup\DataCenterSetup.vdproj", "{1D47DE3A-3AA8-4066-A31E-1D3A76E7A04E}"
EndProject
Project("{8BC9CEB8-8B4A-11D0-8D11-00A0C91BC942}") = "FusionVcAlgoTest1", "FusionVcAlgoTest1\FusionVcAlgoTest1.vcproj", "{AC024050-D088-4B6E-88D9-1C1247D19124}"
	ProjectSection(ProjectDependencies) = postProject
		{61CFEE9C-D7C7-41D6-AA1C-7045594C401E} = {61CFEE9C-D7C7-41D6-AA1C-7045594C401E}
	EndProjectSection
EndProject
Project("{8BC9CEB8-8B4A-11D0-8D11-00A0C91BC942}") = "PlaneR", "PlaneR\PlaneR.vcproj", "{C961458A-0969-422B-9C2D-F59C63837703}"
	ProjectSection(ProjectDependencies) = postProject
		{61CFEE9C-D7C7-41D6-AA1C-7045594C401E} = {61CFEE9C-D7C7-41D6-AA1C-7045594C401E}
	EndProjectSection
EndProject
Project("{8BC9CEB8-8B4A-11D0-8D11-00A0C91BC942}") = "PlaneT", "PlaneT\PlaneT.vcproj", "{C797141B-057F-4076-9ABD-C720201CCA81}"
	ProjectSection(ProjectDependencies) = postProject
		{61CFEE9C-D7C7-41D6-AA1C-7045594C401E} = {61CFEE9C-D7C7-41D6-AA1C-7045594C401E}
	EndProjectSection
EndProject
Project("{54435603-DBB4-11D2-8724-00A0C9A8B90C}") = "PlaneTSetup", "PlaneTSetup\PlaneTSetup.vdproj", "{25F82678-58BD-4C4A-8C2F-8493FDECB9AB}"
EndProject
Project("{54435603-DBB4-11D2-8724-00A0C9A8B90C}") = "PlaneRSetup", "PlaneRSetup\PlaneRSetup.vdproj", "{EDF138A5-B8BD-4320-B49B-F9F01A111464}"
EndProject
Project("{8BC9CEB8-8B4A-11D0-8D11-00A0C91BC942}") = "RenderCenter", "RenderCenter\RenderCenter.vcproj", "{C5297E9B-BDA5-4655-BD4E-DD9B4F070CBA}"
	ProjectSection(ProjectDependencies) = postProject
		{61CFEE9C-D7C7-41D6-AA1C-7045594C401E} = {61CFEE9C-D7C7-41D6-AA1C-7045594C401E}
	EndProjectSection
EndProject
Project("{54435603-DBB4-11D2-8724-00A0C9A8B90C}") = "RenderCenterSetup", "RenderCenterSetup\RenderCenterSetup.vdproj", "{DE5A011E-4438-4795-8582-FEBBCFBCB0FF}"
EndProject
Project("{8BC9CEB8-8B4A-11D0-8D11-00A0C91BC942}") = "MTT", "MTT\MTT.vcproj", "{EEAB39F1-FC19-4EB0-9285-6CF5771AECB5}"
EndProject
Global
	GlobalSection(SolutionConfigurationPlatforms) = preSolution
		Debug|Win32 = Debug|Win32
		Release|Win32 = Release|Win32
	EndGlobalSection
	GlobalSection(ProjectConfigurationPlatforms) = postSolution
		{BF47FCFF-5D93-4C86-A139-901C0E36EB9E}.Debug|Win32.ActiveCfg = Debug|Win32
		{BF47FCFF-5D93-4C86-A139-901C0E36EB9E}.Debug|Win32.Build.0 = Debug|Win32
		{BF47FCFF-5D93-4C86-A139-901C0E36EB9E}.Release|Win32.ActiveCfg = Release|Win32
		{BF47FCFF-5D93-4C86-A139-901C0E36EB9E}.Release|Win32.Build.0 = Release|Win32
		{534DE039-C448-4158-8DCC-663980E0B71C}.Debug|Win32.ActiveCfg = Debug|Win32
		{534DE039-C448-4158-8DCC-663980E0B71C}.Debug|Win32.Build.0 = Debug|Win32
		{534DE039-C448-4158-8DCC-663980E0B71C}.Release|Win32.ActiveCfg = Release|Win32
		{534DE039-C448-4158-8DCC-663980E0B71C}.Release|Win32.Build.0 = Release|Win32
		{61CFEE9C-D7C7-41D6-AA1C-7045594C401E}.Debug|Win32.ActiveCfg = Debug|Win32
		{61CFEE9C-D7C7-41D6-AA1C-7045594C401E}.Debug|Win32.Build.0 = Debug|Win32
		{61CFEE9C-D7C7-41D6-AA1C-7045594C401E}.Release|Win32.ActiveCfg = Release|Win32
		{61CFEE9C-D7C7-41D6-AA1C-7045594C401E}.Release|Win32.Build.0 = Release|Win32
		{7C85FD41-C2F0-4A4C-97F5-C15977ECDFA0}.Debug|Win32.ActiveCfg = Debug|Win32
		{7C85FD41-C2F0-4A4C-97F5-C15977ECDFA0}.Debug|Win32.Build.0 = Debug|Win32
		{7C85FD41-C2F0-4A4C-97F5-C15977ECDFA0}.Release|Win32.ActiveCfg = Release|Win32
		{7C85FD41-C2F0-4A4C-97F5-C15977ECDFA0}.Release|Win32.Build.0 = Release|Win32
		{185897D5-68DB-46A8-A675-62BE1A28EEFD}.Debug|Win32.ActiveCfg = Debug
		{185897D5-68DB-46A8-A675-62BE1A28EEFD}.Release|Win32.ActiveCfg = Release
		{1D47DE3A-3AA8-4066-A31E-1D3A76E7A04E}.Debug|Win32.ActiveCfg = Debug
		{1D47DE3A-3AA8-4066-A31E-1D3A76E7A04E}.Release|Win32.ActiveCfg = Release
		{AC024050-D088-4B6E-88D9-1C1247D19124}.Debug|Win32.ActiveCfg = Debug|Win32
		{AC024050-D088-4B6E-88D9-1C1247D19124}.Debug|Win32.Build.0 = Debug|Win32
		{AC024050-D088-4B6E-88D9-1C1247D19124}.Release|Win32.ActiveCfg = Release|Win32
		{AC024050-D088-4B6E-88D9-1C1247D19124}.Release|Win32.Build.0 = Release|Win32
		{C961458A-0969-422B-9C2D-F59C63837703}.Debug|Win32.ActiveCfg = Debug|Win32
		{C961458A-0969-422B-9C2D-F59C63837703}.Debug|Win32.Build.0 = Debug|Win32
		{C961458A-0969-422B-9C2D-F59C63837703}.Release|Win32.ActiveCfg = Release|Win32
		{C961458A-0969-422B-9C2D-F59C63837703}.Release|Win32.Build.0 = Release|Win32
		{C797141B-057F-4076-9ABD-C720201CCA81}.Debug|Win32.ActiveCfg = Debug|Win32
		{C797141B-057F-4076-9ABD-C720201CCA81}.Debug|Win32.Build.0 = Debug|Win32
		{C797141B-057F-4076-9ABD-C720201CCA81}.Release|Win32.ActiveCfg = Release|Win32
		{C797141B-057F-4076-9ABD-C720201CCA81}.Release|Win32.Build.0 = Release|Win32
		{25F82678-58BD-4C4A-8C2F-8493FDECB9AB}.Debug|Win32.ActiveCfg = Debug
		{25F82678-58BD-4C4A-8C2F-8493FDECB9AB}.Debug|Win32.Build.0 = Debug
		{25F82678-58BD-4C4A-8C2F-8493FDECB9AB}.Release|Win32.ActiveCfg = Release
		{25F82678-58BD-4C4A-8C2F-8493FDECB9AB}.Release|Win32.Build.0 = Release
		{EDF138A5-B8BD-4320-B49B-F9F01A111464}.Debug|Win32.ActiveCfg = Debug
		{EDF138A5-B8BD-4320-B49B-F9F01A111464}.Debug|Win32.Build.0 = Debug
		{EDF138A5-B8BD-4320-B49B-F9F01A111464}.Release|Win32.ActiveCfg = Release
		{EDF138A5-B8BD-4320-B49B-F9F01A111464}.Release|Win32.Build.0 = Release
		{C5297E9B-BDA5-4655-BD4E-DD9B4F070CBA}.Debug|Win32.ActiveCfg = Debug|Win32
		{C5297E9B-BDA5-4655-BD4E-DD9B4F070CBA}.Debug|Win32.Build.0 = Debug|Win32
		{C5297E9B-BDA5-4655-BD4E-DD9B4F070CBA}.Release|Win32.ActiveCfg = Release|Win32
		{C5297E9B-BDA5-4655-BD4E-DD9B4F070CBA}.Release|Win32.Build.0 = Release|Win32
		{DE5A011E-4438-4795-8582-FEBBCFBCB0FF}.Debug|Win32.ActiveCfg = Debug
		{DE5A011E-4438-4795-8582-FEBBCFBCB0FF}.Debug|Win32.Build.0 = Debug
		{DE5A011E-4438-4795-8582-FEBBCFBCB0FF}.Release|Win32.ActiveCfg = Release
		{DE5A011E-4438-4795-8582-FEBBCFBCB0FF}.Release|Win32.Build.0 = Release
		{EEAB39F1-FC19-4EB0-9285-6CF5771AECB5}.Debug|Win32.ActiveCfg = Debug|Win32
		{EEAB39F1-FC19-4EB0-9285-6CF5771AECB5}.Debug|Win32.Build.0 = Debug|Win32
		{EEAB39F1-FC19-4EB0-9285-6CF5771AECB5}.Release|Win32.ActiveCfg = Release|Win32
		{EEAB39F1-FC19-4EB0-9285-6CF5771AECB5}.Release|Win32.Build.0 = Release|Win32
	EndGlobalSection
	GlobalSection(SolutionProperties) = preSolution
		HideSolutionNode = FALSE
	EndGlobalSection
EndGlobal
